
Microsoft Visual Studio Solution File, Format Version 12.00
# Visual Studio Version 17
VisualStudioVersion = 17.5.33530.505
MinimumVisualStudioVersion = 10.0.40219.1
Project("{FAE04EC0-301F-11D3-BF4B-00C04F79EFBC}") = "JqueryOrnekleri", "JqueryOrnekleri\JqueryOrnekleri.csproj", "{CD4C16DB-5380-439C-9344-282E347B5176}"
EndProject
Project("{FAE04EC0-301F-11D3-BF4B-00C04F79EFBC}") = "JqueryArttirmaAzaltma", "JqueryArttirmaAzaltma\JqueryArttirmaAzaltma.csproj", "{2DF7A1A7-EBAC-4C41-A5E2-AC20F2318309}"
EndProject
Project("{FAE04EC0-301F-11D3-BF4B-00C04F79EFBC}") = "RandomArkaPlanDegistirme", "RandomArkaPlanDegistirme\RandomArkaPlanDegistirme.csproj", "{4636D49E-3203-492E-891E-E722AA1BC0B6}"
EndProject
Project("{FAE04EC0-301F-11D3-BF4B-00C04F79EFBC}") = "RandomYorumOrnekleri", "RandomYorumOrnekleri\RandomYorumOrnekleri.csproj", "{09318840-1A4C-4F28-A3D6-DF005AB70F4F}"
EndProject
Global
	GlobalSection(SolutionConfigurationPlatforms) = preSolution
		Debug|Any CPU = Debug|Any CPU
		Release|Any CPU = Release|Any CPU
	EndGlobalSection
	GlobalSection(ProjectConfigurationPlatforms) = postSolution
		{CD4C16DB-5380-439C-9344-282E347B5176}.Debug|Any CPU.ActiveCfg = Debug|Any CPU
		{CD4C16DB-5380-439C-9344-282E347B5176}.Debug|Any CPU.Build.0 = Debug|Any CPU
		{CD4C16DB-5380-439C-9344-282E347B5176}.Release|Any CPU.ActiveCfg = Release|Any CPU
		{CD4C16DB-5380-439C-9344-282E347B5176}.Release|Any CPU.Build.0 = Release|Any CPU
		{2DF7A1A7-EBAC-4C41-A5E2-AC20F2318309}.Debug|Any CPU.ActiveCfg = Debug|Any CPU
		{2DF7A1A7-EBAC-4C41-A5E2-AC20F2318309}.Debug|Any CPU.Build.0 = Debug|Any CPU
		{2DF7A1A7-EBAC-4C41-A5E2-AC20F2318309}.Release|Any CPU.ActiveCfg = Release|Any CPU
		{2DF7A1A7-EBAC-4C41-A5E2-AC20F2318309}.Release|Any CPU.Build.0 = Release|Any CPU
		{4636D49E-3203-492E-891E-E722AA1BC0B6}.Debug|Any CPU.ActiveCfg = Debug|Any CPU
		{4636D49E-3203-492E-891E-E722AA1BC0B6}.Debug|Any CPU.Build.0 = Debug|Any CPU
		{4636D49E-3203-492E-891E-E722AA1BC0B6}.Release|Any CPU.ActiveCfg = Release|Any CPU
		{4636D49E-3203-492E-891E-E722AA1BC0B6}.Release|Any CPU.Build.0 = Release|Any CPU
		{09318840-1A4C-4F28-A3D6-DF005AB70F4F}.Debug|Any CPU.ActiveCfg = Debug|Any CPU
		{09318840-1A4C-4F28-A3D6-DF005AB70F4F}.Debug|Any CPU.Build.0 = Debug|Any CPU
		{09318840-1A4C-4F28-A3D6-DF005AB70F4F}.Release|Any CPU.ActiveCfg = Release|Any CPU
		{09318840-1A4C-4F28-A3D6-DF005AB70F4F}.Release|Any CPU.Build.0 = Release|Any CPU
	EndGlobalSection
	GlobalSection(SolutionProperties) = preSolution
		HideSolutionNode = FALSE
	EndGlobalSection
	GlobalSection(ExtensibilityGlobals) = postSolution
		SolutionGuid = {6229E8ED-6C65-4E22-81BE-602DA204EAC0}
	EndGlobalSection
EndGlobal
